{
  "name": "kdt-add-practics",
  "version": "1.0.0",
  "lockfileVersion": 3,
  "requires": true,
  "packages": {
    "": {
      "name": "kdt-add-practics",
      "version": "1.0.0",
      "license": "ISC",
      "dependencies": {
        "kongukjae-add-practics": "^1.0.0"
      }
    },
    "node_modules/kongukjae-add-practics": {
      "version": "1.0.0",
      "resolved": "https://registry.npmjs.org/kongukjae-add-practics/-/kongukjae-add-practics-1.0.0.tgz",
      "integrity": "sha512-D/6YBSe9sEng6WsMawQF3EgbVQIehBCqeEW1uMDgwge0dWMg/G9O9rIhxB+xnET6rjXbI/XGyQvTCkhvtquq9w=="
    }
  }
}
